PODS:
  - Router (1.0.0):
    - URLNavigator (= 2.2.0)
  - URLNavigator (2.2.0)

DEPENDENCIES:
  - Router (from `../`)

SPEC REPOS:
  https://github.com/cocoapods/specs.git:
    - URLNavigator

EXTERNAL SOURCES:
  Router:
    :path: "../"

SPEC CHECKSUMS:
  Router: f0dd4ae7d5fa58d2ef7dd0c1974b906c119eb2c2
  URLNavigator: 0bffc3efdeb2d97f7b5eec7ac82d290f4a099431

PODFILE CHECKSUM: 2d9d9ec48b6ad4c49d0ce55a53b7401d71c64896

COCOAPODS: 1.6.1
