PODS:
  - Router (1.1.2):
    - URLNavigator (= 2.3.0)
  - SnapKit (5.0.1)
  - URLNavigator (2.3.0)

DEPENDENCIES:
  - Router (from `../`)
  - SnapKit (~> 5.0.0)

SPEC REPOS:
  trunk:
    - SnapKit
    - URLNavigator

EXTERNAL SOURCES:
  Router:
    :path: "../"

SPEC CHECKSUMS:
  Router: 7b8807f9d3cbbed17cb639556b2d0dc92b3ceb5a
  SnapKit: 97b92857e3df3a0c71833cce143274bf6ef8e5eb
  URLNavigator: 2593c0e2d293732ec5c44503cf54dceba1a68085

PODFILE CHECKSUM: 8b89351c44c55e8724f89c11f677595c8fedef3b

COCOAPODS: 1.9.0
